
Microsoft Visual Studio Solution File, Format Version 12.00
# Visual Studio Version 16
VisualStudioVersion = 16.0.31624.102
MinimumVisualStudioVersion = 10.0.40219.1
Project("{9A19103F-16F7-4668-BE54-9A1E7A4F7556}") = "NeuralNetwork", "NeuralNetwork\NeuralNetwork.csproj", "{C5AFBB46-FA22-4625-9A49-98C86C7AEDFC}"
EndProject
Project("{FAE04EC0-301F-11D3-BF4B-00C04F79EFBC}") = "NeuralNetworkTest", "NeuralNetworkTest\NeuralNetworkTest.csproj", "{E2965BD9-AE6F-4808-8192-A01C55103287}"
EndProject
Global
	GlobalSection(SolutionConfigurationPlatforms) = preSolution
		Debug|Any CPU = Debug|Any CPU
		Release|Any CPU = Release|Any CPU
	EndGlobalSection
	GlobalSection(ProjectConfigurationPlatforms) = postSolution
		{C5AFBB46-FA22-4625-9A49-98C86C7AEDFC}.Debug|Any CPU.ActiveCfg = Debug|Any CPU
		{C5AFBB46-FA22-4625-9A49-98C86C7AEDFC}.Debug|Any CPU.Build.0 = Debug|Any CPU
		{C5AFBB46-FA22-4625-9A49-98C86C7AEDFC}.Release|Any CPU.ActiveCfg = Release|Any CPU
		{C5AFBB46-FA22-4625-9A49-98C86C7AEDFC}.Release|Any CPU.Build.0 = Release|Any CPU
		{E2965BD9-AE6F-4808-8192-A01C55103287}.Debug|Any CPU.ActiveCfg = Debug|Any CPU
		{E2965BD9-AE6F-4808-8192-A01C55103287}.Debug|Any CPU.Build.0 = Debug|Any CPU
		{E2965BD9-AE6F-4808-8192-A01C55103287}.Release|Any CPU.ActiveCfg = Release|Any CPU
		{E2965BD9-AE6F-4808-8192-A01C55103287}.Release|Any CPU.Build.0 = Release|Any CPU
	EndGlobalSection
	GlobalSection(SolutionProperties) = preSolution
		HideSolutionNode = FALSE
	EndGlobalSection
	GlobalSection(ExtensibilityGlobals) = postSolution
		SolutionGuid = {371479E1-4108-4558-80F7-365D93FEBA08}
	EndGlobalSection
EndGlobal
